
Microsoft Visual Studio Solution File, Format Version 12.00
# Visual Studio Version 16
VisualStudioVersion = 16.0.31313.79
MinimumVisualStudioVersion = 10.0.40219.1
Project("{9A19103F-16F7-4668-BE54-9A1E7A4F7556}") = "BlazorServer", "BlazorServer\BlazorServer.csproj", "{A5D13214-888F-4332-8BF5-BAB431345CBF}"
EndProject
Project("{2150E333-8FDC-42A3-9474-1A3956D46DE8}") = "Solution Items", "Solution Items", "{850A4045-7512-4ACB-ABAD-A389D42B1217}"
	ProjectSection(SolutionItems) = preProject
		NOTES.md = NOTES.md
	EndProjectSection
EndProject
Project("{9A19103F-16F7-4668-BE54-9A1E7A4F7556}") = "BlazorWebAssembly", "BlazorWebAssembly\BlazorWebAssembly.csproj", "{73041C94-F03C-447F-B0CF-C4D85ED6EDC9}"
EndProject
Project("{9A19103F-16F7-4668-BE54-9A1E7A4F7556}") = "BlazorServer.Domain", "BlazorServer.Domain\BlazorServer.Domain.csproj", "{9F24B29B-CF33-46EE-8494-4692B6499EDE}"
EndProject
Project("{FAE04EC0-301F-11D3-BF4B-00C04F79EFBC}") = "BlazorServer.Repository", "BlazorServer.Repository\BlazorServer.Repository.csproj", "{0A910995-6B96-4BF1-B378-D259F3D118FC}"
EndProject
Global
	GlobalSection(SolutionConfigurationPlatforms) = preSolution
		Debug|Any CPU = Debug|Any CPU
		Release|Any CPU = Release|Any CPU
	EndGlobalSection
	GlobalSection(ProjectConfigurationPlatforms) = postSolution
		{A5D13214-888F-4332-8BF5-BAB431345CBF}.Debug|Any CPU.ActiveCfg = Debug|Any CPU
		{A5D13214-888F-4332-8BF5-BAB431345CBF}.Debug|Any CPU.Build.0 = Debug|Any CPU
		{A5D13214-888F-4332-8BF5-BAB431345CBF}.Release|Any CPU.ActiveCfg = Release|Any CPU
		{A5D13214-888F-4332-8BF5-BAB431345CBF}.Release|Any CPU.Build.0 = Release|Any CPU
		{73041C94-F03C-447F-B0CF-C4D85ED6EDC9}.Debug|Any CPU.ActiveCfg = Debug|Any CPU
		{73041C94-F03C-447F-B0CF-C4D85ED6EDC9}.Debug|Any CPU.Build.0 = Debug|Any CPU
		{73041C94-F03C-447F-B0CF-C4D85ED6EDC9}.Release|Any CPU.ActiveCfg = Release|Any CPU
		{73041C94-F03C-447F-B0CF-C4D85ED6EDC9}.Release|Any CPU.Build.0 = Release|Any CPU
		{9F24B29B-CF33-46EE-8494-4692B6499EDE}.Debug|Any CPU.ActiveCfg = Debug|Any CPU
		{9F24B29B-CF33-46EE-8494-4692B6499EDE}.Debug|Any CPU.Build.0 = Debug|Any CPU
		{9F24B29B-CF33-46EE-8494-4692B6499EDE}.Release|Any CPU.ActiveCfg = Release|Any CPU
		{9F24B29B-CF33-46EE-8494-4692B6499EDE}.Release|Any CPU.Build.0 = Release|Any CPU
		{0A910995-6B96-4BF1-B378-D259F3D118FC}.Debug|Any CPU.ActiveCfg = Debug|Any CPU
		{0A910995-6B96-4BF1-B378-D259F3D118FC}.Debug|Any CPU.Build.0 = Debug|Any CPU
		{0A910995-6B96-4BF1-B378-D259F3D118FC}.Release|Any CPU.ActiveCfg = Release|Any CPU
		{0A910995-6B96-4BF1-B378-D259F3D118FC}.Release|Any CPU.Build.0 = Release|Any CPU
	EndGlobalSection
	GlobalSection(SolutionProperties) = preSolution
		HideSolutionNode = FALSE
	EndGlobalSection
	GlobalSection(ExtensibilityGlobals) = postSolution
		SolutionGuid = {2221C66D-8819-4C43-87E0-6323C80ED7C5}
	EndGlobalSection
EndGlobal
